// !$*UTF8*$!
{
	archiveVersion = 1;
	classes = {
	};
	objectVersion = 56;
	objects = {

/* Begin PBXBuildFile section */
		1432FAE92C5A2E3400A5655B /* AppleSDGothicNeoB.ttf in Resources */ = {isa = PBXBuildFile; fileRef = 1432FAE02C5A2E3300A5655B /* AppleSDGothicNeoB.ttf */; };
		1432FAEA2C5A2E3400A5655B /* AppleSDGothicNeoR.ttf in Resources */ = {isa = PBXBuildFile; fileRef = 1432FAE12C5A2E3400A5655B /* AppleSDGothicNeoR.ttf */; };
		1432FAEB2C5A2E3400A5655B /* AppleSDGothicNeoH.ttf in Resources */ = {isa = PBXBuildFile; fileRef = 1432FAE22C5A2E3400A5655B /* AppleSDGothicNeoH.ttf */; };
		1432FAEC2C5A2E3400A5655B /* AppleSDGothicNeoL.ttf in Resources */ = {isa = PBXBuildFile; fileRef = 1432FAE32C5A2E3400A5655B /* AppleSDGothicNeoL.ttf */; };
		1432FAED2C5A2E3400A5655B /* AppleSDGothicNeoM.ttf in Resources */ = {isa = PBXBuildFile; fileRef = 1432FAE42C5A2E3400A5655B /* AppleSDGothicNeoM.ttf */; };
		1432FAEE2C5A2E3400A5655B /* AppleSDGothicNeoT.ttf in Resources */ = {isa = PBXBuildFile; fileRef = 1432FAE52C5A2E3400A5655B /* AppleSDGothicNeoT.ttf */; };
		1432FAEF2C5A2E3400A5655B /* AppleSDGothicNeoEB.ttf in Resources */ = {isa = PBXBuildFile; fileRef = 1432FAE62C5A2E3400A5655B /* AppleSDGothicNeoEB.ttf */; };
		1432FAF02C5A2E3400A5655B /* AppleSDGothicNeoSB.ttf in Resources */ = {isa = PBXBuildFile; fileRef = 1432FAE72C5A2E3400A5655B /* AppleSDGothicNeoSB.ttf */; };
		1432FAF12C5A2E3400A5655B /* AppleSDGothicNeoUL.ttf in Resources */ = {isa = PBXBuildFile; fileRef = 1432FAE82C5A2E3400A5655B /* AppleSDGothicNeoUL.ttf */; };
		1432FAF32C5A3A1400A5655B /* UILabelExtension.swift in Sources */ = {isa = PBXBuildFile; fileRef = 1432FAF22C5A3A1400A5655B /* UILabelExtension.swift */; };
		148B57052C5885610098FF88 /* AppDelegate.swift in Sources */ = {isa = PBXBuildFile; fileRef = 148B57042C5885610098FF88 /* AppDelegate.swift */; };
		148B57072C5885610098FF88 /* SceneDelegate.swift in Sources */ = {isa = PBXBuildFile; fileRef = 148B57062C5885610098FF88 /* SceneDelegate.swift */; };
		148B57092C5885610098FF88 /* ViewController.swift in Sources */ = {isa = PBXBuildFile; fileRef = 148B57082C5885610098FF88 /* ViewController.swift */; };
		148B570E2C5885620098FF88 /* Assets.xcassets in Resources */ = {isa = PBXBuildFile; fileRef = 148B570D2C5885620098FF88 /* Assets.xcassets */; };
		148B57112C5885620098FF88 /* Base in Resources */ = {isa = PBXBuildFile; fileRef = 148B57102C5885620098FF88 /* Base */; };
		148B571F2C5887540098FF88 /* EmptyModel.swift in Sources */ = {isa = PBXBuildFile; fileRef = 148B571E2C5887540098FF88 /* EmptyModel.swift */; };
		148B57242C5887880098FF88 /* SnapKit in Frameworks */ = {isa = PBXBuildFile; productRef = 148B57232C5887880098FF88 /* SnapKit */; };
		148B57272C5887A10098FF88 /* Lottie in Frameworks */ = {isa = PBXBuildFile; productRef = 148B57262C5887A10098FF88 /* Lottie */; };
		148B572A2C5887B90098FF88 /* RxCocoa in Frameworks */ = {isa = PBXBuildFile; productRef = 148B57292C5887B90098FF88 /* RxCocoa */; };
		148B572C2C5887B90098FF88 /* RxSwift in Frameworks */ = {isa = PBXBuildFile; productRef = 148B572B2C5887B90098FF88 /* RxSwift */; };
		148B572F2C5887D00098FF88 /* Alamofire in Frameworks */ = {isa = PBXBuildFile; productRef = 148B572E2C5887D00098FF88 /* Alamofire */; };
		148B57322C5887E00098FF88 /* Kingfisher in Frameworks */ = {isa = PBXBuildFile; productRef = 148B57312C5887E00098FF88 /* Kingfisher */; };
		148B57342C58891A0098FF88 /* BaseViewController.swift in Sources */ = {isa = PBXBuildFile; fileRef = 148B57332C58891A0098FF88 /* BaseViewController.swift */; };
		148B57372C5889DB0098FF88 /* LoginViewController.swift in Sources */ = {isa = PBXBuildFile; fileRef = 148B57362C5889DB0098FF88 /* LoginViewController.swift */; };
		148B57422C58917F0098FF88 /* Pretendard-SemiBold.otf in Resources */ = {isa = PBXBuildFile; fileRef = 148B57392C58917F0098FF88 /* Pretendard-SemiBold.otf */; };
		148B57432C58917F0098FF88 /* Pretendard-Light.otf in Resources */ = {isa = PBXBuildFile; fileRef = 148B573A2C58917F0098FF88 /* Pretendard-Light.otf */; };
		148B57442C58917F0098FF88 /* Pretendard-Medium.otf in Resources */ = {isa = PBXBuildFile; fileRef = 148B573B2C58917F0098FF88 /* Pretendard-Medium.otf */; };
		148B57452C58917F0098FF88 /* Pretendard-ExtraLight.otf in Resources */ = {isa = PBXBuildFile; fileRef = 148B573C2C58917F0098FF88 /* Pretendard-ExtraLight.otf */; };
		148B57462C58917F0098FF88 /* Pretendard-Bold.otf in Resources */ = {isa = PBXBuildFile; fileRef = 148B573D2C58917F0098FF88 /* Pretendard-Bold.otf */; };
		148B57472C58917F0098FF88 /* Pretendard-Regular.otf in Resources */ = {isa = PBXBuildFile; fileRef = 148B573E2C58917F0098FF88 /* Pretendard-Regular.otf */; };
		148B57482C58917F0098FF88 /* Pretendard-ExtraBold.otf in Resources */ = {isa = PBXBuildFile; fileRef = 148B573F2C58917F0098FF88 /* Pretendard-ExtraBold.otf */; };
		148B57492C58917F0098FF88 /* Pretendard-Black.otf in Resources */ = {isa = PBXBuildFile; fileRef = 148B57402C58917F0098FF88 /* Pretendard-Black.otf */; };
		148B574A2C58917F0098FF88 /* Pretendard-Thin.otf in Resources */ = {isa = PBXBuildFile; fileRef = 148B57412C58917F0098FF88 /* Pretendard-Thin.otf */; };
		148B574C2C58926D0098FF88 /* UIFontExtension.swift in Sources */ = {isa = PBXBuildFile; fileRef = 148B574B2C58926D0098FF88 /* UIFontExtension.swift */; };
		148B574F2C589B180098FF88 /* PhoneNumViewController.swift in Sources */ = {isa = PBXBuildFile; fileRef = 148B574E2C589B180098FF88 /* PhoneNumViewController.swift */; };
		148B57512C58B1950098FF88 /* AuthViewController.swift in Sources */ = {isa = PBXBuildFile; fileRef = 148B57502C58B1950098FF88 /* AuthViewController.swift */; };
		148B575F2C58BC020098FF88 /* Roboto-Medium.ttf in Resources */ = {isa = PBXBuildFile; fileRef = 148B57542C58BC020098FF88 /* Roboto-Medium.ttf */; };
		148B57602C58BC020098FF88 /* Roboto-MediumItalic.ttf in Resources */ = {isa = PBXBuildFile; fileRef = 148B57552C58BC020098FF88 /* Roboto-MediumItalic.ttf */; };
		148B57612C58BC020098FF88 /* Roboto-ThinItalic.ttf in Resources */ = {isa = PBXBuildFile; fileRef = 148B57562C58BC020098FF88 /* Roboto-ThinItalic.ttf */; };
		148B57622C58BC020098FF88 /* Roboto-LightItalic.ttf in Resources */ = {isa = PBXBuildFile; fileRef = 148B57572C58BC020098FF88 /* Roboto-LightItalic.ttf */; };
		148B57632C58BC020098FF88 /* Roboto-Black.ttf in Resources */ = {isa = PBXBuildFile; fileRef = 148B57582C58BC020098FF88 /* Roboto-Black.ttf */; };
		148B57642C58BC020098FF88 /* Roboto-BlackItalic.ttf in Resources */ = {isa = PBXBuildFile; fileRef = 148B57592C58BC020098FF88 /* Roboto-BlackItalic.ttf */; };
		148B57652C58BC020098FF88 /* Roboto-Bold.ttf in Resources */ = {isa = PBXBuildFile; fileRef = 148B575A2C58BC020098FF88 /* Roboto-Bold.ttf */; };
		148B57662C58BC020098FF88 /* Roboto-Regular.ttf in Resources */ = {isa = PBXBuildFile; fileRef = 148B575B2C58BC020098FF88 /* Roboto-Regular.ttf */; };
		148B57672C58BC020098FF88 /* Roboto-Thin.ttf in Resources */ = {isa = PBXBuildFile; fileRef = 148B575C2C58BC020098FF88 /* Roboto-Thin.ttf */; };
		148B57682C58BC020098FF88 /* Roboto-Light.ttf in Resources */ = {isa = PBXBuildFile; fileRef = 148B575D2C58BC020098FF88 /* Roboto-Light.ttf */; };
		148B57692C58BC020098FF88 /* Roboto-Italic.ttf in Resources */ = {isa = PBXBuildFile; fileRef = 148B575E2C58BC020098FF88 /* Roboto-Italic.ttf */; };
		148B576B2C58BED00098FF88 /* UIColorExtension.swift in Sources */ = {isa = PBXBuildFile; fileRef = 148B576A2C58BED00098FF88 /* UIColorExtension.swift */; };
		148B576D2C58CDB90098FF88 /* NickNameViewController.swift in Sources */ = {isa = PBXBuildFile; fileRef = 148B576C2C58CDB90098FF88 /* NickNameViewController.swift */; };
/* End PBXBuildFile section */

/* Begin PBXFileReference section */
		1432FAE02C5A2E3300A5655B /* AppleSDGothicNeoB.ttf */ = {isa = PBXFileReference; lastKnownFileType = file; path = AppleSDGothicNeoB.ttf; sourceTree = "<group>"; };
		1432FAE12C5A2E3400A5655B /* AppleSDGothicNeoR.ttf */ = {isa = PBXFileReference; lastKnownFileType = file; path = AppleSDGothicNeoR.ttf; sourceTree = "<group>"; };
		1432FAE22C5A2E3400A5655B /* AppleSDGothicNeoH.ttf */ = {isa = PBXFileReference; lastKnownFileType = file; path = AppleSDGothicNeoH.ttf; sourceTree = "<group>"; };
		1432FAE32C5A2E3400A5655B /* AppleSDGothicNeoL.ttf */ = {isa = PBXFileReference; lastKnownFileType = file; path = AppleSDGothicNeoL.ttf; sourceTree = "<group>"; };
		1432FAE42C5A2E3400A5655B /* AppleSDGothicNeoM.ttf */ = {isa = PBXFileReference; lastKnownFileType = file; path = AppleSDGothicNeoM.ttf; sourceTree = "<group>"; };
		1432FAE52C5A2E3400A5655B /* AppleSDGothicNeoT.ttf */ = {isa = PBXFileReference; lastKnownFileType = file; path = AppleSDGothicNeoT.ttf; sourceTree = "<group>"; };
		1432FAE62C5A2E3400A5655B /* AppleSDGothicNeoEB.ttf */ = {isa = PBXFileReference; lastKnownFileType = file; path = AppleSDGothicNeoEB.ttf; sourceTree = "<group>"; };
		1432FAE72C5A2E3400A5655B /* AppleSDGothicNeoSB.ttf */ = {isa = PBXFileReference; lastKnownFileType = file; path = AppleSDGothicNeoSB.ttf; sourceTree = "<group>"; };
		1432FAE82C5A2E3400A5655B /* AppleSDGothicNeoUL.ttf */ = {isa = PBXFileReference; lastKnownFileType = file; path = AppleSDGothicNeoUL.ttf; sourceTree = "<group>"; };
		1432FAF22C5A3A1400A5655B /* UILabelExtension.swift */ = {isa = PBXFileReference; lastKnownFileType = sourcecode.swift; path = UILabelExtension.swift; sourceTree = "<group>"; };
		148B57012C5885610098FF88 /* PetFitTemp.app */ = {isa = PBXFileReference; explicitFileType = wrapper.application; includeInIndex = 0; path = PetFitTemp.app; sourceTree = BUILT_PRODUCTS_DIR; };
		148B57042C5885610098FF88 /* AppDelegate.swift */ = {isa = PBXFileReference; lastKnownFileType = sourcecode.swift; path = AppDelegate.swift; sourceTree = "<group>"; };
		148B57062C5885610098FF88 /* SceneDelegate.swift */ = {isa = PBXFileReference; lastKnownFileType = sourcecode.swift; path = SceneDelegate.swift; sourceTree = "<group>"; };
		148B57082C5885610098FF88 /* ViewController.swift */ = {isa = PBXFileReference; lastKnownFileType = sourcecode.swift; path = ViewController.swift; sourceTree = "<group>"; };
		148B570D2C5885620098FF88 /* Assets.xcassets */ = {isa = PBXFileReference; lastKnownFileType = folder.assetcatalog; path = Assets.xcassets; sourceTree = "<group>"; };
		148B57102C5885620098FF88 /* Base */ = {isa = PBXFileReference; lastKnownFileType = file.storyboard; name = Base; path = Base.lproj/LaunchScreen.storyboard; sourceTree = "<group>"; };
		148B57122C5885620098FF88 /* Info.plist */ = {isa = PBXFileReference; lastKnownFileType = text.plist.xml; path = Info.plist; sourceTree = "<group>"; };
		148B571E2C5887540098FF88 /* EmptyModel.swift */ = {isa = PBXFileReference; lastKnownFileType = sourcecode.swift; path = EmptyModel.swift; sourceTree = "<group>"; };
		148B57332C58891A0098FF88 /* BaseViewController.swift */ = {isa = PBXFileReference; lastKnownFileType = sourcecode.swift; path = BaseViewController.swift; sourceTree = "<group>"; };
		148B57362C5889DB0098FF88 /* LoginViewController.swift */ = {isa = PBXFileReference; lastKnownFileType = sourcecode.swift; path = LoginViewController.swift; sourceTree = "<group>"; };
		148B57392C58917F0098FF88 /* Pretendard-SemiBold.otf */ = {isa = PBXFileReference; lastKnownFileType = file; path = "Pretendard-SemiBold.otf"; sourceTree = "<group>"; };
		148B573A2C58917F0098FF88 /* Pretendard-Light.otf */ = {isa = PBXFileReference; lastKnownFileType = file; path = "Pretendard-Light.otf"; sourceTree = "<group>"; };
		148B573B2C58917F0098FF88 /* Pretendard-Medium.otf */ = {isa = PBXFileReference; lastKnownFileType = file; path = "Pretendard-Medium.otf"; sourceTree = "<group>"; };
		148B573C2C58917F0098FF88 /* Pretendard-ExtraLight.otf */ = {isa = PBXFileReference; lastKnownFileType = file; path = "Pretendard-ExtraLight.otf"; sourceTree = "<group>"; };
		148B573D2C58917F0098FF88 /* Pretendard-Bold.otf */ = {isa = PBXFileReference; lastKnownFileType = file; path = "Pretendard-Bold.otf"; sourceTree = "<group>"; };
		148B573E2C58917F0098FF88 /* Pretendard-Regular.otf */ = {isa = PBXFileReference; lastKnownFileType = file; path = "Pretendard-Regular.otf"; sourceTree = "<group>"; };
		148B573F2C58917F0098FF88 /* Pretendard-ExtraBold.otf */ = {isa = PBXFileReference; lastKnownFileType = file; path = "Pretendard-ExtraBold.otf"; sourceTree = "<group>"; };
		148B57402C58917F0098FF88 /* Pretendard-Black.otf */ = {isa = PBXFileReference; lastKnownFileType = file; path = "Pretendard-Black.otf"; sourceTree = "<group>"; };
		148B57412C58917F0098FF88 /* Pretendard-Thin.otf */ = {isa = PBXFileReference; lastKnownFileType = file; path = "Pretendard-Thin.otf"; sourceTree = "<group>"; };
		148B574B2C58926D0098FF88 /* UIFontExtension.swift */ = {isa = PBXFileReference; lastKnownFileType = sourcecode.swift; path = UIFontExtension.swift; sourceTree = "<group>"; };
		148B574E2C589B180098FF88 /* PhoneNumViewController.swift */ = {isa = PBXFileReference; lastKnownFileType = sourcecode.swift; path = PhoneNumViewController.swift; sourceTree = "<group>"; };
		148B57502C58B1950098FF88 /* AuthViewController.swift */ = {isa = PBXFileReference; lastKnownFileType = sourcecode.swift; path = AuthViewController.swift; sourceTree = "<group>"; };
		148B57542C58BC020098FF88 /* Roboto-Medium.ttf */ = {isa = PBXFileReference; lastKnownFileType = file; path = "Roboto-Medium.ttf"; sourceTree = "<group>"; };
		148B57552C58BC020098FF88 /* Roboto-MediumItalic.ttf */ = {isa = PBXFileReference; lastKnownFileType = file; path = "Roboto-MediumItalic.ttf"; sourceTree = "<group>"; };
		148B57562C58BC020098FF88 /* Roboto-ThinItalic.ttf */ = {isa = PBXFileReference; lastKnownFileType = file; path = "Roboto-ThinItalic.ttf"; sourceTree = "<group>"; };
		148B57572C58BC020098FF88 /* Roboto-LightItalic.ttf */ = {isa = PBXFileReference; lastKnownFileType = file; path = "Roboto-LightItalic.ttf"; sourceTree = "<group>"; };
		148B57582C58BC020098FF88 /* Roboto-Black.ttf */ = {isa = PBXFileReference; lastKnownFileType = file; path = "Roboto-Black.ttf"; sourceTree = "<group>"; };
		148B57592C58BC020098FF88 /* Roboto-BlackItalic.ttf */ = {isa = PBXFileReference; lastKnownFileType = file; path = "Roboto-BlackItalic.ttf"; sourceTree = "<group>"; };
		148B575A2C58BC020098FF88 /* Roboto-Bold.ttf */ = {isa = PBXFileReference; lastKnownFileType = file; path = "Roboto-Bold.ttf"; sourceTree = "<group>"; };
		148B575B2C58BC020098FF88 /* Roboto-Regular.ttf */ = {isa = PBXFileReference; lastKnownFileType = file; path = "Roboto-Regular.ttf"; sourceTree = "<group>"; };
		148B575C2C58BC020098FF88 /* Roboto-Thin.ttf */ = {isa = PBXFileReference; lastKnownFileType = file; path = "Roboto-Thin.ttf"; sourceTree = "<group>"; };
		148B575D2C58BC020098FF88 /* Roboto-Light.ttf */ = {isa = PBXFileReference; lastKnownFileType = file; path = "Roboto-Light.ttf"; sourceTree = "<group>"; };
		148B575E2C58BC020098FF88 /* Roboto-Italic.ttf */ = {isa = PBXFileReference; lastKnownFileType = file; path = "Roboto-Italic.ttf"; sourceTree = "<group>"; };
		148B576A2C58BED00098FF88 /* UIColorExtension.swift */ = {isa = PBXFileReference; lastKnownFileType = sourcecode.swift; path = UIColorExtension.swift; sourceTree = "<group>"; };
		148B576C2C58CDB90098FF88 /* NickNameViewController.swift */ = {isa = PBXFileReference; lastKnownFileType = sourcecode.swift; path = NickNameViewController.swift; sourceTree = "<group>"; };
/* End PBXFileReference section */

/* Begin PBXFrameworksBuildPhase section */
		148B56FE2C5885610098FF88 /* Frameworks */ = {
			isa = PBXFrameworksBuildPhase;
			buildActionMask = 2147483647;
			files = (
				148B57322C5887E00098FF88 /* Kingfisher in Frameworks */,
				148B572F2C5887D00098FF88 /* Alamofire in Frameworks */,
				148B572A2C5887B90098FF88 /* RxCocoa in Frameworks */,
				148B57242C5887880098FF88 /* SnapKit in Frameworks */,
				148B572C2C5887B90098FF88 /* RxSwift in Frameworks */,
				148B57272C5887A10098FF88 /* Lottie in Frameworks */,
			);
			runOnlyForDeploymentPostprocessing = 0;
		};
/* End PBXFrameworksBuildPhase section */

/* Begin PBXGroup section */
		1432FADF2C5A2E1F00A5655B /* AppleSDGothic */ = {
			isa = PBXGroup;
			children = (
				1432FAE02C5A2E3300A5655B /* AppleSDGothicNeoB.ttf */,
				1432FAE62C5A2E3400A5655B /* AppleSDGothicNeoEB.ttf */,
				1432FAE22C5A2E3400A5655B /* AppleSDGothicNeoH.ttf */,
				1432FAE32C5A2E3400A5655B /* AppleSDGothicNeoL.ttf */,
				1432FAE42C5A2E3400A5655B /* AppleSDGothicNeoM.ttf */,
				1432FAE12C5A2E3400A5655B /* AppleSDGothicNeoR.ttf */,
				1432FAE72C5A2E3400A5655B /* AppleSDGothicNeoSB.ttf */,
				1432FAE52C5A2E3400A5655B /* AppleSDGothicNeoT.ttf */,
				1432FAE82C5A2E3400A5655B /* AppleSDGothicNeoUL.ttf */,
			);
			path = AppleSDGothic;
			sourceTree = "<group>";
		};
		148B56F82C5885610098FF88 = {
			isa = PBXGroup;
			children = (
				148B57032C5885610098FF88 /* PetFitTemp */,
				148B57022C5885610098FF88 /* Products */,
			);
			sourceTree = "<group>";
		};
		148B57022C5885610098FF88 /* Products */ = {
			isa = PBXGroup;
			children = (
				148B57012C5885610098FF88 /* PetFitTemp.app */,
			);
			name = Products;
			sourceTree = "<group>";
		};
		148B57032C5885610098FF88 /* PetFitTemp */ = {
			isa = PBXGroup;
			children = (
				148B574D2C5892A60098FF88 /* Extension */,
				148B571D2C5886EE0098FF88 /* LaunchScreen */,
				148B571C2C5886D40098FF88 /* Util */,
				148B571B2C5886950098FF88 /* Asset */,
				148B571A2C58868E0098FF88 /* View */,
				148B57192C58867D0098FF88 /* Model */,
				148B57182C5886560098FF88 /* ViewModel */,
			);
			path = PetFitTemp;
			sourceTree = "<group>";
		};
		148B57182C5886560098FF88 /* ViewModel */ = {
			isa = PBXGroup;
			children = (
				148B57082C5885610098FF88 /* ViewController.swift */,
			);
			path = ViewModel;
			sourceTree = "<group>";
		};
		148B57192C58867D0098FF88 /* Model */ = {
			isa = PBXGroup;
			children = (
				148B571E2C5887540098FF88 /* EmptyModel.swift */,
			);
			path = Model;
			sourceTree = "<group>";
		};
		148B571A2C58868E0098FF88 /* View */ = {
			isa = PBXGroup;
			children = (
				148B57352C5889780098FF88 /* Login */,
				148B57332C58891A0098FF88 /* BaseViewController.swift */,
			);
			path = View;
			sourceTree = "<group>";
		};
		148B571B2C5886950098FF88 /* Asset */ = {
			isa = PBXGroup;
			children = (
				148B57382C5891740098FF88 /* Font */,
				148B570D2C5885620098FF88 /* Assets.xcassets */,
			);
			path = Asset;
			sourceTree = "<group>";
		};
		148B571C2C5886D40098FF88 /* Util */ = {
			isa = PBXGroup;
			children = (
				148B57042C5885610098FF88 /* AppDelegate.swift */,
				148B57062C5885610098FF88 /* SceneDelegate.swift */,
				148B57122C5885620098FF88 /* Info.plist */,
			);
			path = Util;
			sourceTree = "<group>";
		};
		148B571D2C5886EE0098FF88 /* LaunchScreen */ = {
			isa = PBXGroup;
			children = (
				148B570F2C5885620098FF88 /* LaunchScreen.storyboard */,
			);
			path = LaunchScreen;
			sourceTree = "<group>";
		};
		148B57352C5889780098FF88 /* Login */ = {
			isa = PBXGroup;
			children = (
				148B57362C5889DB0098FF88 /* LoginViewController.swift */,
				148B574E2C589B180098FF88 /* PhoneNumViewController.swift */,
				148B57502C58B1950098FF88 /* AuthViewController.swift */,
				148B576C2C58CDB90098FF88 /* NickNameViewController.swift */,
			);
			path = Login;
			sourceTree = "<group>";
		};
		148B57382C5891740098FF88 /* Font */ = {
			isa = PBXGroup;
			children = (
				1432FADF2C5A2E1F00A5655B /* AppleSDGothic */,
				148B57532C58BBF70098FF88 /* Roboto */,
				148B57522C58BBEB0098FF88 /* Pretendard */,
			);
			path = Font;
			sourceTree = "<group>";
		};
		148B574D2C5892A60098FF88 /* Extension */ = {
			isa = PBXGroup;
			children = (
				148B574B2C58926D0098FF88 /* UIFontExtension.swift */,
				148B576A2C58BED00098FF88 /* UIColorExtension.swift */,
				1432FAF22C5A3A1400A5655B /* UILabelExtension.swift */,
			);
			path = Extension;
			sourceTree = "<group>";
		};
		148B57522C58BBEB0098FF88 /* Pretendard */ = {
			isa = PBXGroup;
			children = (
				148B57402C58917F0098FF88 /* Pretendard-Black.otf */,
				148B573D2C58917F0098FF88 /* Pretendard-Bold.otf */,
				148B573F2C58917F0098FF88 /* Pretendard-ExtraBold.otf */,
				148B573C2C58917F0098FF88 /* Pretendard-ExtraLight.otf */,
				148B573A2C58917F0098FF88 /* Pretendard-Light.otf */,
				148B573B2C58917F0098FF88 /* Pretendard-Medium.otf */,
				148B573E2C58917F0098FF88 /* Pretendard-Regular.otf */,
				148B57392C58917F0098FF88 /* Pretendard-SemiBold.otf */,
				148B57412C58917F0098FF88 /* Pretendard-Thin.otf */,
			);
			path = Pretendard;
			sourceTree = "<group>";
		};
		148B57532C58BBF70098FF88 /* Roboto */ = {
			isa = PBXGroup;
			children = (
				148B57582C58BC020098FF88 /* Roboto-Black.ttf */,
				148B57592C58BC020098FF88 /* Roboto-BlackItalic.ttf */,
				148B575A2C58BC020098FF88 /* Roboto-Bold.ttf */,
				148B575E2C58BC020098FF88 /* Roboto-Italic.ttf */,
				148B575D2C58BC020098FF88 /* Roboto-Light.ttf */,
				148B57572C58BC020098FF88 /* Roboto-LightItalic.ttf */,
				148B57542C58BC020098FF88 /* Roboto-Medium.ttf */,
				148B57552C58BC020098FF88 /* Roboto-MediumItalic.ttf */,
				148B575B2C58BC020098FF88 /* Roboto-Regular.ttf */,
				148B575C2C58BC020098FF88 /* Roboto-Thin.ttf */,
				148B57562C58BC020098FF88 /* Roboto-ThinItalic.ttf */,
			);
			path = Roboto;
			sourceTree = "<group>";
		};
/* End PBXGroup section */

/* Begin PBXNativeTarget section */
		148B57002C5885610098FF88 /* PetFitTemp */ = {
			isa = PBXNativeTarget;
			buildConfigurationList = 148B57152C5885620098FF88 /* Build configuration list for PBXNativeTarget "PetFitTemp" */;
			buildPhases = (
				148B56FD2C5885610098FF88 /* Sources */,
				148B56FE2C5885610098FF88 /* Frameworks */,
				148B56FF2C5885610098FF88 /* Resources */,
			);
			buildRules = (
			);
			dependencies = (
			);
			name = PetFitTemp;
			packageProductDependencies = (
				148B57232C5887880098FF88 /* SnapKit */,
				148B57262C5887A10098FF88 /* Lottie */,
				148B57292C5887B90098FF88 /* RxCocoa */,
				148B572B2C5887B90098FF88 /* RxSwift */,
				148B572E2C5887D00098FF88 /* Alamofire */,
				148B57312C5887E00098FF88 /* Kingfisher */,
			);
			productName = PetFitTemp;
			productReference = 148B57012C5885610098FF88 /* PetFitTemp.app */;
			productType = "com.apple.product-type.application";
		};
/* End PBXNativeTarget section */

/* Begin PBXProject section */
		148B56F92C5885610098FF88 /* Project object */ = {
			isa = PBXProject;
			attributes = {
				BuildIndependentTargetsInParallel = 1;
				LastSwiftUpdateCheck = 1540;
				LastUpgradeCheck = 1540;
				TargetAttributes = {
					148B57002C5885610098FF88 = {
						CreatedOnToolsVersion = 15.4;
					};
				};
			};
			buildConfigurationList = 148B56FC2C5885610098FF88 /* Build configuration list for PBXProject "PetFitTemp" */;
			compatibilityVersion = "Xcode 14.0";
			developmentRegion = en;
			hasScannedForEncodings = 0;
			knownRegions = (
				en,
				Base,
			);
			mainGroup = 148B56F82C5885610098FF88;
			packageReferences = (
				148B57222C5887880098FF88 /* XCRemoteSwiftPackageReference "SnapKit" */,
				148B57252C5887A10098FF88 /* XCRemoteSwiftPackageReference "lottie-spm" */,
				148B57282C5887B90098FF88 /* XCRemoteSwiftPackageReference "RxSwift" */,
				148B572D2C5887D00098FF88 /* XCRemoteSwiftPackageReference "Alamofire" */,
				148B57302C5887E00098FF88 /* XCRemoteSwiftPackageReference "Kingfisher" */,
			);
			productRefGroup = 148B57022C5885610098FF88 /* Products */;
			projectDirPath = "";
			projectRoot = "";
			targets = (
				148B57002C5885610098FF88 /* PetFitTemp */,
			);
		};
/* End PBXProject section */

/* Begin PBXResourcesBuildPhase section */
		148B56FF2C5885610098FF88 /* Resources */ = {
			isa = PBXResourcesBuildPhase;
			buildActionMask = 2147483647;
			files = (
				1432FAF02C5A2E3400A5655B /* AppleSDGothicNeoSB.ttf in Resources */,
				148B57452C58917F0098FF88 /* Pretendard-ExtraLight.otf in Resources */,
				148B57422C58917F0098FF88 /* Pretendard-SemiBold.otf in Resources */,
				148B57642C58BC020098FF88 /* Roboto-BlackItalic.ttf in Resources */,
				148B57622C58BC020098FF88 /* Roboto-LightItalic.ttf in Resources */,
				148B57602C58BC020098FF88 /* Roboto-MediumItalic.ttf in Resources */,
				148B57482C58917F0098FF88 /* Pretendard-ExtraBold.otf in Resources */,
				148B57462C58917F0098FF88 /* Pretendard-Bold.otf in Resources */,
				148B57492C58917F0098FF88 /* Pretendard-Black.otf in Resources */,
				148B57672C58BC020098FF88 /* Roboto-Thin.ttf in Resources */,
				148B57692C58BC020098FF88 /* Roboto-Italic.ttf in Resources */,
				1432FAE92C5A2E3400A5655B /* AppleSDGothicNeoB.ttf in Resources */,
				148B57442C58917F0098FF88 /* Pretendard-Medium.otf in Resources */,
				1432FAEF2C5A2E3400A5655B /* AppleSDGothicNeoEB.ttf in Resources */,
				148B57432C58917F0098FF88 /* Pretendard-Light.otf in Resources */,
				148B57682C58BC020098FF88 /* Roboto-Light.ttf in Resources */,
				1432FAED2C5A2E3400A5655B /* AppleSDGothicNeoM.ttf in Resources */,
				1432FAEB2C5A2E3400A5655B /* AppleSDGothicNeoH.ttf in Resources */,
				148B57472C58917F0098FF88 /* Pretendard-Regular.otf in Resources */,
				1432FAEC2C5A2E3400A5655B /* AppleSDGothicNeoL.ttf in Resources */,
				148B575F2C58BC020098FF88 /* Roboto-Medium.ttf in Resources */,
				148B57632C58BC020098FF88 /* Roboto-Black.ttf in Resources */,
				148B57612C58BC020098FF88 /* Roboto-ThinItalic.ttf in Resources */,
				148B57652C58BC020098FF88 /* Roboto-Bold.ttf in Resources */,
				1432FAEE2C5A2E3400A5655B /* AppleSDGothicNeoT.ttf in Resources */,
				148B57662C58BC020098FF88 /* Roboto-Regular.ttf in Resources */,
				1432FAEA2C5A2E3400A5655B /* AppleSDGothicNeoR.ttf in Resources */,
				148B570E2C5885620098FF88 /* Assets.xcassets in Resources */,
				1432FAF12C5A2E3400A5655B /* AppleSDGothicNeoUL.ttf in Resources */,
				148B574A2C58917F0098FF88 /* Pretendard-Thin.otf in Resources */,
				148B57112C5885620098FF88 /* Base in Resources */,
			);
			runOnlyForDeploymentPostprocessing = 0;
		};
/* End PBXResourcesBuildPhase section */

/* Begin PBXSourcesBuildPhase section */
		148B56FD2C5885610098FF88 /* Sources */ = {
			isa = PBXSourcesBuildPhase;
			buildActionMask = 2147483647;
			files = (
				148B576D2C58CDB90098FF88 /* NickNameViewController.swift in Sources */,
				148B574F2C589B180098FF88 /* PhoneNumViewController.swift in Sources */,
				148B57372C5889DB0098FF88 /* LoginViewController.swift in Sources */,
				148B57092C5885610098FF88 /* ViewController.swift in Sources */,
				1432FAF32C5A3A1400A5655B /* UILabelExtension.swift in Sources */,
				148B574C2C58926D0098FF88 /* UIFontExtension.swift in Sources */,
				148B57052C5885610098FF88 /* AppDelegate.swift in Sources */,
				148B57072C5885610098FF88 /* SceneDelegate.swift in Sources */,
				148B571F2C5887540098FF88 /* EmptyModel.swift in Sources */,
				148B576B2C58BED00098FF88 /* UIColorExtension.swift in Sources */,
				148B57512C58B1950098FF88 /* AuthViewController.swift in Sources */,
				148B57342C58891A0098FF88 /* BaseViewController.swift in Sources */,
			);
			runOnlyForDeploymentPostprocessing = 0;
		};
/* End PBXSourcesBuildPhase section */

/* Begin PBXVariantGroup section */
		148B570F2C5885620098FF88 /* LaunchScreen.storyboard */ = {
			isa = PBXVariantGroup;
			children = (
				148B57102C5885620098FF88 /* Base */,
			);
			name = LaunchScreen.storyboard;
			sourceTree = "<group>";
		};
/* End PBXVariantGroup section */

/* Begin XCBuildConfiguration section */
		148B57132C5885620098FF88 /* Debug */ = {
			isa = XCBuildConfiguration;
			buildSettings = {
				ALWAYS_SEARCH_USER_PATHS = NO;
				ASSETCATALOG_COMPILER_GENERATE_SWIFT_ASSET_SYMBOL_EXTENSIONS = YES;
				CLANG_ANALYZER_NONNULL = YES;
				CLANG_ANALYZER_NUMBER_OBJECT_CONVERSION = YES_AGGRESSIVE;
				CLANG_CXX_LANGUAGE_STANDARD = "gnu++20";
				CLANG_ENABLE_MODULES = YES;
				CLANG_ENABLE_OBJC_ARC = YES;
				CLANG_ENABLE_OBJC_WEAK = YES;
				CLANG_WARN_BLOCK_CAPTURE_AUTORELEASING = YES;
				CLANG_WARN_BOOL_CONVERSION = YES;
				CLANG_WARN_COMMA = YES;
				CLANG_WARN_CONSTANT_CONVERSION = YES;
				CLANG_WARN_DEPRECATED_OBJC_IMPLEMENTATIONS = YES;
				CLANG_WARN_DIRECT_OBJC_ISA_USAGE = YES_ERROR;
				CLANG_WARN_DOCUMENTATION_COMMENTS = YES;
				CLANG_WARN_EMPTY_BODY = YES;
				CLANG_WARN_ENUM_CONVERSION = YES;
				CLANG_WARN_INFINITE_RECURSION = YES;
				CLANG_WARN_INT_CONVERSION = YES;
				CLANG_WARN_NON_LITERAL_NULL_CONVERSION = YES;
				CLANG_WARN_OBJC_IMPLICIT_RETAIN_SELF = YES;
				CLANG_WARN_OBJC_LITERAL_CONVERSION = YES;
				CLANG_WARN_OBJC_ROOT_CLASS = YES_ERROR;
				CLANG_WARN_QUOTED_INCLUDE_IN_FRAMEWORK_HEADER = YES;
				CLANG_WARN_RANGE_LOOP_ANALYSIS = YES;
				CLANG_WARN_STRICT_PROTOTYPES = YES;
				CLANG_WARN_SUSPICIOUS_MOVE = YES;
				CLANG_WARN_UNGUARDED_AVAILABILITY = YES_AGGRESSIVE;
				CLANG_WARN_UNREACHABLE_CODE = YES;
				CLANG_WARN__DUPLICATE_METHOD_MATCH = YES;
				COPY_PHASE_STRIP = NO;
				DEBUG_INFORMATION_FORMAT = dwarf;
				ENABLE_STRICT_OBJC_MSGSEND = YES;
				ENABLE_TESTABILITY = YES;
				ENABLE_USER_SCRIPT_SANDBOXING = YES;
				GCC_C_LANGUAGE_STANDARD = gnu17;
				GCC_DYNAMIC_NO_PIC = NO;
				GCC_NO_COMMON_BLOCKS = YES;
				GCC_OPTIMIZATION_LEVEL = 0;
				GCC_PREPROCESSOR_DEFINITIONS = (
					"DEBUG=1",
					"$(inherited)",
				);
				GCC_WARN_64_TO_32_BIT_CONVERSION = YES;
				GCC_WARN_ABOUT_RETURN_TYPE = YES_ERROR;
				GCC_WARN_UNDECLARED_SELECTOR = YES;
				GCC_WARN_UNINITIALIZED_AUTOS = YES_AGGRESSIVE;
				GCC_WARN_UNUSED_FUNCTION = YES;
				GCC_WARN_UNUSED_VARIABLE = YES;
				IPHONEOS_DEPLOYMENT_TARGET = 17.5;
				LOCALIZATION_PREFERS_STRING_CATALOGS = YES;
				MTL_ENABLE_DEBUG_INFO = INCLUDE_SOURCE;
				MTL_FAST_MATH = YES;
				ONLY_ACTIVE_ARCH = YES;
				SDKROOT = iphoneos;
				SWIFT_ACTIVE_COMPILATION_CONDITIONS = "DEBUG $(inherited)";
				SWIFT_OPTIMIZATION_LEVEL = "-Onone";
			};
			name = Debug;
		};
		148B57142C5885620098FF88 /* Release */ = {
			isa = XCBuildConfiguration;
			buildSettings = {
				ALWAYS_SEARCH_USER_PATHS = NO;
				ASSETCATALOG_COMPILER_GENERATE_SWIFT_ASSET_SYMBOL_EXTENSIONS = YES;
				CLANG_ANALYZER_NONNULL = YES;
				CLANG_ANALYZER_NUMBER_OBJECT_CONVERSION = YES_AGGRESSIVE;
				CLANG_CXX_LANGUAGE_STANDARD = "gnu++20";
				CLANG_ENABLE_MODULES = YES;
				CLANG_ENABLE_OBJC_ARC = YES;
				CLANG_ENABLE_OBJC_WEAK = YES;
				CLANG_WARN_BLOCK_CAPTURE_AUTORELEASING = YES;
				CLANG_WARN_BOOL_CONVERSION = YES;
				CLANG_WARN_COMMA = YES;
				CLANG_WARN_CONSTANT_CONVERSION = YES;
				CLANG_WARN_DEPRECATED_OBJC_IMPLEMENTATIONS = YES;
				CLANG_WARN_DIRECT_OBJC_ISA_USAGE = YES_ERROR;
				CLANG_WARN_DOCUMENTATION_COMMENTS = YES;
				CLANG_WARN_EMPTY_BODY = YES;
				CLANG_WARN_ENUM_CONVERSION = YES;
				CLANG_WARN_INFINITE_RECURSION = YES;
				CLANG_WARN_INT_CONVERSION = YES;
				CLANG_WARN_NON_LITERAL_NULL_CONVERSION = YES;
				CLANG_WARN_OBJC_IMPLICIT_RETAIN_SELF = YES;
				CLANG_WARN_OBJC_LITERAL_CONVERSION = YES;
				CLANG_WARN_OBJC_ROOT_CLASS = YES_ERROR;
				CLANG_WARN_QUOTED_INCLUDE_IN_FRAMEWORK_HEADER = YES;
				CLANG_WARN_RANGE_LOOP_ANALYSIS = YES;
				CLANG_WARN_STRICT_PROTOTYPES = YES;
				CLANG_WARN_SUSPICIOUS_MOVE = YES;
				CLANG_WARN_UNGUARDED_AVAILABILITY = YES_AGGRESSIVE;
				CLANG_WARN_UNREACHABLE_CODE = YES;
				CLANG_WARN__DUPLICATE_METHOD_MATCH = YES;
				COPY_PHASE_STRIP = NO;
				DEBUG_INFORMATION_FORMAT = "dwarf-with-dsym";
				ENABLE_NS_ASSERTIONS = NO;
				ENABLE_STRICT_OBJC_MSGSEND = YES;
				ENABLE_USER_SCRIPT_SANDBOXING = YES;
				GCC_C_LANGUAGE_STANDARD = gnu17;
				GCC_NO_COMMON_BLOCKS = YES;
				GCC_WARN_64_TO_32_BIT_CONVERSION = YES;
				GCC_WARN_ABOUT_RETURN_TYPE = YES_ERROR;
				GCC_WARN_UNDECLARED_SELECTOR = YES;
				GCC_WARN_UNINITIALIZED_AUTOS = YES_AGGRESSIVE;
				GCC_WARN_UNUSED_FUNCTION = YES;
				GCC_WARN_UNUSED_VARIABLE = YES;
				IPHONEOS_DEPLOYMENT_TARGET = 17.5;
				LOCALIZATION_PREFERS_STRING_CATALOGS = YES;
				MTL_ENABLE_DEBUG_INFO = NO;
				MTL_FAST_MATH = YES;
				SDKROOT = iphoneos;
				SWIFT_COMPILATION_MODE = wholemodule;
				VALIDATE_PRODUCT = YES;
			};
			name = Release;
		};
		148B57162C5885620098FF88 /* Debug */ = {
			isa = XCBuildConfiguration;
			buildSettings = {
				ASSETCATALOG_COMPILER_APPICON_NAME = AppIcon;
				ASSETCATALOG_COMPILER_GLOBAL_ACCENT_COLOR_NAME = AccentColor;
				CODE_SIGN_STYLE = Automatic;
				CURRENT_PROJECT_VERSION = 1;
				DEVELOPMENT_TEAM = 27X8924SNC;
				GENERATE_INFOPLIST_FILE = YES;
				INFOPLIST_FILE = PetFitTemp/Util/info.plist;
				INFOPLIST_KEY_UIApplicationSupportsIndirectInputEvents = YES;
				INFOPLIST_KEY_UILaunchStoryboardName = LaunchScreen;
				INFOPLIST_KEY_UISupportedInterfaceOrientations_iPad = "UIInterfaceOrientationPortrait UIInterfaceOrientationPortraitUpsideDown UIInterfaceOrientationLandscapeLeft UIInterfaceOrientationLandscapeRight";
				INFOPLIST_KEY_UISupportedInterfaceOrientations_iPhone = "UIInterfaceOrientationPortrait UIInterfaceOrientationLandscapeLeft UIInterfaceOrientationLandscapeRight";
				IPHONEOS_DEPLOYMENT_TARGET = 17.0;
				LD_RUNPATH_SEARCH_PATHS = (
					"$(inherited)",
					"@executable_path/Frameworks",
				);
				MARKETING_VERSION = 1.0;
				PRODUCT_BUNDLE_IDENTIFIER = com.seungwon.PetFitTemp;
				PRODUCT_NAME = "$(TARGET_NAME)";
				SWIFT_EMIT_LOC_STRINGS = YES;
				SWIFT_VERSION = 5.0;
				TARGETED_DEVICE_FAMILY = "1,2";
			};
			name = Debug;
		};
		148B57172C5885620098FF88 /* Release */ = {
			isa = XCBuildConfiguration;
			buildSettings = {
				ASSETCATALOG_COMPILER_APPICON_NAME = AppIcon;
				ASSETCATALOG_COMPILER_GLOBAL_ACCENT_COLOR_NAME = AccentColor;
				CODE_SIGN_STYLE = Automatic;
				CURRENT_PROJECT_VERSION = 1;
				DEVELOPMENT_TEAM = 27X8924SNC;
				GENERATE_INFOPLIST_FILE = YES;
				INFOPLIST_FILE = PetFitTemp/Util/info.plist;
				INFOPLIST_KEY_UIApplicationSupportsIndirectInputEvents = YES;
				INFOPLIST_KEY_UILaunchStoryboardName = LaunchScreen;
				INFOPLIST_KEY_UISupportedInterfaceOrientations_iPad = "UIInterfaceOrientationPortrait UIInterfaceOrientationPortraitUpsideDown UIInterfaceOrientationLandscapeLeft UIInterfaceOrientationLandscapeRight";
				INFOPLIST_KEY_UISupportedInterfaceOrientations_iPhone = "UIInterfaceOrientationPortrait UIInterfaceOrientationLandscapeLeft UIInterfaceOrientationLandscapeRight";
				IPHONEOS_DEPLOYMENT_TARGET = 17.0;
				LD_RUNPATH_SEARCH_PATHS = (
					"$(inherited)",
					"@executable_path/Frameworks",
				);
				MARKETING_VERSION = 1.0;
				PRODUCT_BUNDLE_IDENTIFIER = com.seungwon.PetFitTemp;
				PRODUCT_NAME = "$(TARGET_NAME)";
				SWIFT_EMIT_LOC_STRINGS = YES;
				SWIFT_VERSION = 5.0;
				TARGETED_DEVICE_FAMILY = "1,2";
			};
			name = Release;
		};
/* End XCBuildConfiguration section */

/* Begin XCConfigurationList section */
		148B56FC2C5885610098FF88 /* Build configuration list for PBXProject "PetFitTemp" */ = {
			isa = XCConfigurationList;
			buildConfigurations = (
				148B57132C5885620098FF88 /* Debug */,
				148B57142C5885620098FF88 /* Release */,
			);
			defaultConfigurationIsVisible = 0;
			defaultConfigurationName = Release;
		};
		148B57152C5885620098FF88 /* Build configuration list for PBXNativeTarget "PetFitTemp" */ = {
			isa = XCConfigurationList;
			buildConfigurations = (
				148B57162C5885620098FF88 /* Debug */,
				148B57172C5885620098FF88 /* Release */,
			);
			defaultConfigurationIsVisible = 0;
			defaultConfigurationName = Release;
		};
/* End XCConfigurationList section */

/* Begin XCRemoteSwiftPackageReference section */
		148B57222C5887880098FF88 /* XCRemoteSwiftPackageReference "SnapKit" */ = {
			isa = XCRemoteSwiftPackageReference;
			repositoryURL = "https://github.com/SnapKit/SnapKit.git";
			requirement = {
				kind = upToNextMajorVersion;
				minimumVersion = 5.7.1;
			};
		};
		148B57252C5887A10098FF88 /* XCRemoteSwiftPackageReference "lottie-spm" */ = {
			isa = XCRemoteSwiftPackageReference;
			repositoryURL = "https://github.com/airbnb/lottie-spm.git";
			requirement = {
				kind = upToNextMajorVersion;
				minimumVersion = 4.5.0;
			};
		};
		148B57282C5887B90098FF88 /* XCRemoteSwiftPackageReference "RxSwift" */ = {
			isa = XCRemoteSwiftPackageReference;
			repositoryURL = "https://github.com/ReactiveX/RxSwift";
			requirement = {
				kind = upToNextMajorVersion;
				minimumVersion = 6.7.1;
			};
		};
		148B572D2C5887D00098FF88 /* XCRemoteSwiftPackageReference "Alamofire" */ = {
			isa = XCRemoteSwiftPackageReference;
			repositoryURL = "https://github.com/Alamofire/Alamofire";
			requirement = {
				kind = upToNextMajorVersion;
				minimumVersion = 5.9.1;
			};
		};
		148B57302C5887E00098FF88 /* XCRemoteSwiftPackageReference "Kingfisher" */ = {
			isa = XCRemoteSwiftPackageReference;
			repositoryURL = "https://github.com/onevcat/Kingfisher.git";
			requirement = {
				kind = upToNextMajorVersion;
				minimumVersion = 7.12.0;
			};
		};
/* End XCRemoteSwiftPackageReference section */

/* Begin XCSwiftPackageProductDependency section */
		148B57232C5887880098FF88 /* SnapKit */ = {
			isa = XCSwiftPackageProductDependency;
			package = 148B57222C5887880098FF88 /* XCRemoteSwiftPackageReference "SnapKit" */;
			productName = SnapKit;
		};
		148B57262C5887A10098FF88 /* Lottie */ = {
			isa = XCSwiftPackageProductDependency;
			package = 148B57252C5887A10098FF88 /* XCRemoteSwiftPackageReference "lottie-spm" */;
			productName = Lottie;
		};
		148B57292C5887B90098FF88 /* RxCocoa */ = {
			isa = XCSwiftPackageProductDependency;
			package = 148B57282C5887B90098FF88 /* XCRemoteSwiftPackageReference "RxSwift" */;
			productName = RxCocoa;
		};
		148B572B2C5887B90098FF88 /* RxSwift */ = {
			isa = XCSwiftPackageProductDependency;
			package = 148B57282C5887B90098FF88 /* XCRemoteSwiftPackageReference "RxSwift" */;
			productName = RxSwift;
		};
		148B572E2C5887D00098FF88 /* Alamofire */ = {
			isa = XCSwiftPackageProductDependency;
			package = 148B572D2C5887D00098FF88 /* XCRemoteSwiftPackageReference "Alamofire" */;
			productName = Alamofire;
		};
		148B57312C5887E00098FF88 /* Kingfisher */ = {
			isa = XCSwiftPackageProductDependency;
			package = 148B57302C5887E00098FF88 /* XCRemoteSwiftPackageReference "Kingfisher" */;
			productName = Kingfisher;
		};
/* End XCSwiftPackageProductDependency section */
	};
	rootObject = 148B56F92C5885610098FF88 /* Project object */;
}
